PODS:
  - Alamofire (5.0.0-beta.6)
  - lottie-ios (3.1.0)
  - Socket.IO-Client-Swift (15.1.0):
    - Starscream (~> 3.1)
  - Starscream (3.1.0)
  - SVProgressHUD (2.2.5)
  - SwiftyJSON (5.0.0)

DEPENDENCIES:
  - Alamofire (~> 5.0.0-beta.5)
  - lottie-ios
  - Socket.IO-Client-Swift (~> 15.1.0)
  - SVProgressHUD (~> 2.2)
  - SwiftyJSON (~> 5.0)

SPEC REPOS:
  https://github.com/cocoapods/specs.git:
    - Alamofire
    - lottie-ios
    - Socket.IO-Client-Swift
    - Starscream
    - SVProgressHUD
    - SwiftyJSON

SPEC CHECKSUMS:
  Alamofire: cd08a4402bd12cacd0c66f23fb12fec8d6b965e4
  lottie-ios: 9467723922dfff46f6d4e3019c32594a62440b7c
  Socket.IO-Client-Swift: 7cb44c0ffb86e158cee32d0642d30ec5fdcf8f61
  Starscream: 08172b481e145289c4930cb567230fb55897cfa4
  SVProgressHUD: 1428aafac632c1f86f62aa4243ec12008d7a51d6
  SwiftyJSON: 36413e04c44ee145039d332b4f4e2d3e8d6c4db7

PODFILE CHECKSUM: 3b6aba68942737bc5c6596130476c0e97f5077c0

COCOAPODS: 1.6.1
