// !$*UTF8*$!
{
	archiveVersion = 1;
	classes = {
	};
	objectVersion = 50;
	objects = {

/* Begin PBXBuildFile section */
		5372C8A9419536758A4D0E79 /* Pods_e_life.framework in Frameworks */ = {isa = PBXBuildFile; fileRef = 7916DD5BCA42922CB2DC81AA /* Pods_e_life.framework */; };
		9505FFE022CB34F400462721 /* PayViewController.swift in Sources */ = {isa = PBXBuildFile; fileRef = 9505FFDF22CB34F400462721 /* PayViewController.swift */; };
		9505FFE222CB371700462721 /* ParkingPaymentViewController.swift in Sources */ = {isa = PBXBuildFile; fileRef = 9505FFE122CB371700462721 /* ParkingPaymentViewController.swift */; };
		9505FFE422CB437100462721 /* WuYeNotiTableTableViewController.swift in Sources */ = {isa = PBXBuildFile; fileRef = 9505FFE322CB437100462721 /* WuYeNotiTableTableViewController.swift */; };
		9505FFE622CB522B00462721 /* MailNotificationTableViewController.swift in Sources */ = {isa = PBXBuildFile; fileRef = 9505FFE522CB522B00462721 /* MailNotificationTableViewController.swift */; };
		952793B722C99C1300A4C472 /* CollectionViewCell.swift in Sources */ = {isa = PBXBuildFile; fileRef = 952793B622C99C1300A4C472 /* CollectionViewCell.swift */; };
		95376A0E22D5C09C009E556E /* NewCommentViewController.swift in Sources */ = {isa = PBXBuildFile; fileRef = 95376A0D22D5C09C009E556E /* NewCommentViewController.swift */; };
		9545B4F222D5D71A00DBAF76 /* ChangeNameViewController.swift in Sources */ = {isa = PBXBuildFile; fileRef = 9545B4F122D5D71A00DBAF76 /* ChangeNameViewController.swift */; };
		9559D5AD22CAF52A00916AB1 /* Assets.xcassets in Resources */ = {isa = PBXBuildFile; fileRef = 9559D5AC22CAF52A00916AB1 /* Assets.xcassets */; };
		957129E822C9DADF0059DCEE /* AppDelegate.swift in Sources */ = {isa = PBXBuildFile; fileRef = 957129E722C9DADF0059DCEE /* AppDelegate.swift */; };
		957129EA22C9DADF0059DCEE /* LoginViewController.swift in Sources */ = {isa = PBXBuildFile; fileRef = 957129E922C9DADF0059DCEE /* LoginViewController.swift */; };
		957129ED22C9DADF0059DCEE /* LoginAndRegister.storyboard in Resources */ = {isa = PBXBuildFile; fileRef = 957129EB22C9DADF0059DCEE /* LoginAndRegister.storyboard */; };
		957129F222C9DAE00059DCEE /* LaunchScreen.storyboard in Resources */ = {isa = PBXBuildFile; fileRef = 957129F022C9DAE00059DCEE /* LaunchScreen.storyboard */; };
		957129FA22C9E0930059DCEE /* bus.json in Resources */ = {isa = PBXBuildFile; fileRef = 957129F922C9E0930059DCEE /* bus.json */; };
		9596F4B822D02780002833D4 /* ActivityViewController.swift in Sources */ = {isa = PBXBuildFile; fileRef = 9596F4B722D02780002833D4 /* ActivityViewController.swift */; };
		9596F4BA22D03B41002833D4 /* ForumViewController.swift in Sources */ = {isa = PBXBuildFile; fileRef = 9596F4B922D03B41002833D4 /* ForumViewController.swift */; };
		9596F4BC22D04710002833D4 /* NewPostViewController.swift in Sources */ = {isa = PBXBuildFile; fileRef = 9596F4BB22D04710002833D4 /* NewPostViewController.swift */; };
		9596F4C022D04D37002833D4 /* CommentViewController.swift in Sources */ = {isa = PBXBuildFile; fileRef = 9596F4BF22D04D37002833D4 /* CommentViewController.swift */; };
		95B8449122C9AF9E00D84A65 /* EmergencyNoticeTableViewController.swift in Sources */ = {isa = PBXBuildFile; fileRef = 95B8449022C9AF9E00D84A65 /* EmergencyNoticeTableViewController.swift */; };
		95B8449322C9B3CC00D84A65 /* SendPostViewController.swift in Sources */ = {isa = PBXBuildFile; fileRef = 95B8449222C9B3CC00D84A65 /* SendPostViewController.swift */; };
		95BAC2EF22CED88A00639B0D /* ChangePasswordViewController.swift in Sources */ = {isa = PBXBuildFile; fileRef = 95BAC2EE22CED88A00639B0D /* ChangePasswordViewController.swift */; };
		95BAC2F122CED89300639B0D /* ChangePhoneNumViewController.swift in Sources */ = {isa = PBXBuildFile; fileRef = 95BAC2F022CED89300639B0D /* ChangePhoneNumViewController.swift */; };
		95BAC2F322CEDB7B00639B0D /* InfoBindingViewController.swift in Sources */ = {isa = PBXBuildFile; fileRef = 95BAC2F222CEDB7B00639B0D /* InfoBindingViewController.swift */; };
		95BAC2F522CEE2CA00639B0D /* LatestNewsViewController.swift in Sources */ = {isa = PBXBuildFile; fileRef = 95BAC2F422CEE2CA00639B0D /* LatestNewsViewController.swift */; };
		95BAC2F722CEF78600639B0D /* BulkPurchaseViewController.swift in Sources */ = {isa = PBXBuildFile; fileRef = 95BAC2F622CEF78600639B0D /* BulkPurchaseViewController.swift */; };
		95D3932D22CC2F68002A3867 /* RegisterViewController.swift in Sources */ = {isa = PBXBuildFile; fileRef = 95D3932C22CC2F68002A3867 /* RegisterViewController.swift */; };
		95DD032622D2D54D0096E89D /* MainPages.storyboard in Resources */ = {isa = PBXBuildFile; fileRef = 95DD032522D2D54D0096E89D /* MainPages.storyboard */; };
		95DD032822D2D61E0096E89D /* Home.storyboard in Resources */ = {isa = PBXBuildFile; fileRef = 95DD032722D2D61E0096E89D /* Home.storyboard */; };
		95DD032A22D2D6270096E89D /* Services.storyboard in Resources */ = {isa = PBXBuildFile; fileRef = 95DD032922D2D6270096E89D /* Services.storyboard */; };
		95DD032C22D2D62F0096E89D /* Me.storyboard in Resources */ = {isa = PBXBuildFile; fileRef = 95DD032B22D2D62F0096E89D /* Me.storyboard */; };
		95DD032E22D2D62F0096E89D /* HomeViewController.swift in Sources */ = {isa = PBXBuildFile; fileRef = 95DD032D22D2D62F0096E89D /* HomeViewController.swift */; };
		95DD033422D2D62F0096E89D /* ServicesViewController.swift in Sources */ = {isa = PBXBuildFile; fileRef = 95DD033322D2D62F0096E89D /* ServicesViewController.swift */; };
		95DD033A22D2D62F0096E89D /* MeViewController.swift in Sources */ = {isa = PBXBuildFile; fileRef = 95DD033922D2D62F0096E89D /* MeViewController.swift */; };
		95DD033C22D2D62F0096E89D /* TableViewCell.swift in Sources */ = {isa = PBXBuildFile; fileRef = 95DD033B22D2D62F0096E89D /* TableViewCell.swift */; };
		95EB54C922CC888F00E25003 /* PasswordRecoveryViewController.swift in Sources */ = {isa = PBXBuildFile; fileRef = 95EB54C822CC888F00E25003 /* PasswordRecoveryViewController.swift */; };
		95EB54CD22CC963E00E25003 /* NewPasswordViewController.swift in Sources */ = {isa = PBXBuildFile; fileRef = 95EB54CC22CC963E00E25003 /* NewPasswordViewController.swift */; };
		95EB54CF22CC9DA900E25003 /* MainViewController.swift in Sources */ = {isa = PBXBuildFile; fileRef = 95EB54CE22CC9DA900E25003 /* MainViewController.swift */; };
/* End PBXBuildFile section */

/* Begin PBXFileReference section */
		1CC3ECF2AEB79E555C689118 /* Pods-e-life.release.xcconfig */ = {isa = PBXFileReference; includeInIndex = 1; lastKnownFileType = text.xcconfig; name = "Pods-e-life.release.xcconfig"; path = "Target Support Files/Pods-e-life/Pods-e-life.release.xcconfig"; sourceTree = "<group>"; };
		218E7FAA27A5ECC7C691DB87 /* Pods-e-life.debug.xcconfig */ = {isa = PBXFileReference; includeInIndex = 1; lastKnownFileType = text.xcconfig; name = "Pods-e-life.debug.xcconfig"; path = "Target Support Files/Pods-e-life/Pods-e-life.debug.xcconfig"; sourceTree = "<group>"; };
		7916DD5BCA42922CB2DC81AA /* Pods_e_life.framework */ = {isa = PBXFileReference; explicitFileType = wrapper.framework; includeInIndex = 0; path = Pods_e_life.framework; sourceTree = BUILT_PRODUCTS_DIR; };
		9505FFDF22CB34F400462721 /* PayViewController.swift */ = {isa = PBXFileReference; lastKnownFileType = sourcecode.swift; path = PayViewController.swift; sourceTree = "<group>"; };
		9505FFE122CB371700462721 /* ParkingPaymentViewController.swift */ = {isa = PBXFileReference; lastKnownFileType = sourcecode.swift; path = ParkingPaymentViewController.swift; sourceTree = "<group>"; };
		9505FFE322CB437100462721 /* WuYeNotiTableTableViewController.swift */ = {isa = PBXFileReference; lastKnownFileType = sourcecode.swift; path = WuYeNotiTableTableViewController.swift; sourceTree = "<group>"; };
		9505FFE522CB522B00462721 /* MailNotificationTableViewController.swift */ = {isa = PBXFileReference; lastKnownFileType = sourcecode.swift; path = MailNotificationTableViewController.swift; sourceTree = "<group>"; };
		952793B622C99C1300A4C472 /* CollectionViewCell.swift */ = {isa = PBXFileReference; lastKnownFileType = sourcecode.swift; path = CollectionViewCell.swift; sourceTree = "<group>"; };
		95376A0D22D5C09C009E556E /* NewCommentViewController.swift */ = {isa = PBXFileReference; lastKnownFileType = sourcecode.swift; path = NewCommentViewController.swift; sourceTree = "<group>"; };
		9545B4EE22D5D71A00DBAF76 /* BMKLocationKit.framework */ = {isa = PBXFileReference; lastKnownFileType = wrapper.framework; name = BMKLocationKit.framework; path = Pods/BMKLocationKit/framework/BMKLocationKit.framework; sourceTree = "<group>"; };
		9545B4F122D5D71A00DBAF76 /* ChangeNameViewController.swift */ = {isa = PBXFileReference; lastKnownFileType = sourcecode.swift; path = ChangeNameViewController.swift; sourceTree = "<group>"; };
		9559D5AC22CAF52A00916AB1 /* Assets.xcassets */ = {isa = PBXFileReference; lastKnownFileType = folder.assetcatalog; path = Assets.xcassets; sourceTree = "<group>"; };
		957129E422C9DADF0059DCEE /* e-life.app */ = {isa = PBXFileReference; explicitFileType = wrapper.application; includeInIndex = 0; path = "e-life.app"; sourceTree = BUILT_PRODUCTS_DIR; };
		957129E722C9DADF0059DCEE /* AppDelegate.swift */ = {isa = PBXFileReference; lastKnownFileType = sourcecode.swift; path = AppDelegate.swift; sourceTree = "<group>"; };
		957129E922C9DADF0059DCEE /* LoginViewController.swift */ = {isa = PBXFileReference; lastKnownFileType = sourcecode.swift; path = LoginViewController.swift; sourceTree = "<group>"; };
		957129EC22C9DADF0059DCEE /* Base */ = {isa = PBXFileReference; lastKnownFileType = file.storyboard; name = Base; path = Base.lproj/LoginAndRegister.storyboard; sourceTree = "<group>"; };
		957129F122C9DAE00059DCEE /* Base */ = {isa = PBXFileReference; lastKnownFileType = file.storyboard; name = Base; path = Base.lproj/LaunchScreen.storyboard; sourceTree = "<group>"; };
		957129F322C9DAE00059DCEE /* Info.plist */ = {isa = PBXFileReference; lastKnownFileType = text.plist.xml; path = Info.plist; sourceTree = "<group>"; };
		957129F922C9E0930059DCEE /* bus.json */ = {isa = PBXFileReference; fileEncoding = 4; lastKnownFileType = text.json; name = bus.json; path = "e-life/Animation/bus.json"; sourceTree = SOURCE_ROOT; };
		9596F4B722D02780002833D4 /* ActivityViewController.swift */ = {isa = PBXFileReference; lastKnownFileType = sourcecode.swift; path = ActivityViewController.swift; sourceTree = "<group>"; };
		9596F4B922D03B41002833D4 /* ForumViewController.swift */ = {isa = PBXFileReference; lastKnownFileType = sourcecode.swift; path = ForumViewController.swift; sourceTree = "<group>"; };
		9596F4BB22D04710002833D4 /* NewPostViewController.swift */ = {isa = PBXFileReference; lastKnownFileType = sourcecode.swift; path = NewPostViewController.swift; sourceTree = "<group>"; };
		9596F4BF22D04D37002833D4 /* CommentViewController.swift */ = {isa = PBXFileReference; lastKnownFileType = sourcecode.swift; path = CommentViewController.swift; sourceTree = "<group>"; };
		95B8449022C9AF9E00D84A65 /* EmergencyNoticeTableViewController.swift */ = {isa = PBXFileReference; lastKnownFileType = sourcecode.swift; path = EmergencyNoticeTableViewController.swift; sourceTree = "<group>"; };
		95B8449222C9B3CC00D84A65 /* SendPostViewController.swift */ = {isa = PBXFileReference; lastKnownFileType = sourcecode.swift; path = SendPostViewController.swift; sourceTree = "<group>"; };
		95BAC2EE22CED88A00639B0D /* ChangePasswordViewController.swift */ = {isa = PBXFileReference; lastKnownFileType = sourcecode.swift; path = ChangePasswordViewController.swift; sourceTree = "<group>"; };
		95BAC2F022CED89300639B0D /* ChangePhoneNumViewController.swift */ = {isa = PBXFileReference; lastKnownFileType = sourcecode.swift; path = ChangePhoneNumViewController.swift; sourceTree = "<group>"; };
		95BAC2F222CEDB7B00639B0D /* InfoBindingViewController.swift */ = {isa = PBXFileReference; lastKnownFileType = sourcecode.swift; path = InfoBindingViewController.swift; sourceTree = "<group>"; };
		95BAC2F422CEE2CA00639B0D /* LatestNewsViewController.swift */ = {isa = PBXFileReference; lastKnownFileType = sourcecode.swift; path = LatestNewsViewController.swift; sourceTree = "<group>"; };
		95BAC2F622CEF78600639B0D /* BulkPurchaseViewController.swift */ = {isa = PBXFileReference; lastKnownFileType = sourcecode.swift; path = BulkPurchaseViewController.swift; sourceTree = "<group>"; };
		95D3932C22CC2F68002A3867 /* RegisterViewController.swift */ = {isa = PBXFileReference; lastKnownFileType = sourcecode.swift; path = RegisterViewController.swift; sourceTree = "<group>"; };
		95DD032522D2D54D0096E89D /* MainPages.storyboard */ = {isa = PBXFileReference; lastKnownFileType = file.storyboard; path = MainPages.storyboard; sourceTree = "<group>"; };
		95DD032722D2D61E0096E89D /* Home.storyboard */ = {isa = PBXFileReference; lastKnownFileType = file.storyboard; path = Home.storyboard; sourceTree = "<group>"; };
		95DD032922D2D6270096E89D /* Services.storyboard */ = {isa = PBXFileReference; lastKnownFileType = file.storyboard; path = Services.storyboard; sourceTree = "<group>"; };
		95DD032B22D2D62F0096E89D /* Me.storyboard */ = {isa = PBXFileReference; lastKnownFileType = file.storyboard; path = Me.storyboard; sourceTree = "<group>"; };
		95DD032D22D2D62F0096E89D /* HomeViewController.swift */ = {isa = PBXFileReference; lastKnownFileType = sourcecode.swift; path = HomeViewController.swift; sourceTree = "<group>"; };
		95DD033322D2D62F0096E89D /* ServicesViewController.swift */ = {isa = PBXFileReference; lastKnownFileType = sourcecode.swift; path = ServicesViewController.swift; sourceTree = "<group>"; };
		95DD033922D2D62F0096E89D /* MeViewController.swift */ = {isa = PBXFileReference; lastKnownFileType = sourcecode.swift; path = MeViewController.swift; sourceTree = "<group>"; };
		95DD033B22D2D62F0096E89D /* TableViewCell.swift */ = {isa = PBXFileReference; lastKnownFileType = sourcecode.swift; path = TableViewCell.swift; sourceTree = "<group>"; };
		95EB54C822CC888F00E25003 /* PasswordRecoveryViewController.swift */ = {isa = PBXFileReference; lastKnownFileType = sourcecode.swift; path = PasswordRecoveryViewController.swift; sourceTree = "<group>"; };
		95EB54CC22CC963E00E25003 /* NewPasswordViewController.swift */ = {isa = PBXFileReference; lastKnownFileType = sourcecode.swift; path = NewPasswordViewController.swift; sourceTree = "<group>"; };
		95EB54CE22CC9DA900E25003 /* MainViewController.swift */ = {isa = PBXFileReference; lastKnownFileType = sourcecode.swift; path = MainViewController.swift; sourceTree = "<group>"; };
/* End PBXFileReference section */

/* Begin PBXFrameworksBuildPhase section */
		957129E122C9DADF0059DCEE /* Frameworks */ = {
			isa = PBXFrameworksBuildPhase;
			buildActionMask = 2147483647;
			files = (
				5372C8A9419536758A4D0E79 /* Pods_e_life.framework in Frameworks */,
			);
			runOnlyForDeploymentPostprocessing = 0;
		};
/* End PBXFrameworksBuildPhase section */

/* Begin PBXGroup section */
		1215041EE1902D9EBFF6DE67 /* Pods */ = {
			isa = PBXGroup;
			children = (
				218E7FAA27A5ECC7C691DB87 /* Pods-e-life.debug.xcconfig */,
				1CC3ECF2AEB79E555C689118 /* Pods-e-life.release.xcconfig */,
			);
			path = Pods;
			sourceTree = "<group>";
		};
		848AEB3B8499DFBD63571B2A /* Frameworks */ = {
			isa = PBXGroup;
			children = (
				9545B4EE22D5D71A00DBAF76 /* BMKLocationKit.framework */,
				7916DD5BCA42922CB2DC81AA /* Pods_e_life.framework */,
			);
			name = Frameworks;
			sourceTree = "<group>";
		};
		9505FFDE22CB33D400462721 /* Items in ServicesPages */ = {
			isa = PBXGroup;
			children = (
				9505FFDF22CB34F400462721 /* PayViewController.swift */,
				9505FFE122CB371700462721 /* ParkingPaymentViewController.swift */,
			);
			path = "Items in ServicesPages";
			sourceTree = "<group>";
		};
		952793B322C99B8500A4C472 /* Login&Register */ = {
			isa = PBXGroup;
			children = (
				957129E922C9DADF0059DCEE /* LoginViewController.swift */,
				95D3932C22CC2F68002A3867 /* RegisterViewController.swift */,
				95EB54C822CC888F00E25003 /* PasswordRecoveryViewController.swift */,
				95EB54CC22CC963E00E25003 /* NewPasswordViewController.swift */,
			);
			path = "Login&Register";
			sourceTree = "<group>";
		};
		952793B422C99B9D00A4C472 /* Main Pages */ = {
			isa = PBXGroup;
			children = (
				95EB54CE22CC9DA900E25003 /* MainViewController.swift */,
				95DD032D22D2D62F0096E89D /* HomeViewController.swift */,
				95DD033322D2D62F0096E89D /* ServicesViewController.swift */,
				95DD033922D2D62F0096E89D /* MeViewController.swift */,
			);
			path = "Main Pages";
			sourceTree = "<group>";
		};
		952793B522C99BAE00A4C472 /* Helper Class */ = {
			isa = PBXGroup;
			children = (
				95DD033B22D2D62F0096E89D /* TableViewCell.swift */,
				952793B622C99C1300A4C472 /* CollectionViewCell.swift */,
			);
			path = "Helper Class";
			sourceTree = "<group>";
		};
		95376A0F22D5C9EF009E556E /* Forum */ = {
			isa = PBXGroup;
			children = (
				9596F4B922D03B41002833D4 /* ForumViewController.swift */,
				9596F4BB22D04710002833D4 /* NewPostViewController.swift */,
				9596F4BF22D04D37002833D4 /* CommentViewController.swift */,
				95376A0D22D5C09C009E556E /* NewCommentViewController.swift */,
			);
			path = Forum;
			sourceTree = "<group>";
		};
		9545B4F022D5D71A00DBAF76 /* Items in MePage */ = {
			isa = PBXGroup;
			children = (
				9545B4F122D5D71A00DBAF76 /* ChangeNameViewController.swift */,
				95BAC2EE22CED88A00639B0D /* ChangePasswordViewController.swift */,
				95BAC2F022CED89300639B0D /* ChangePhoneNumViewController.swift */,
				95BAC2F222CEDB7B00639B0D /* InfoBindingViewController.swift */,
			);
			path = "Items in MePage";
			sourceTree = "<group>";
		};
		957129DB22C9DADF0059DCEE = {
			isa = PBXGroup;
			children = (
				957129E622C9DADF0059DCEE /* e-life */,
				957129E522C9DADF0059DCEE /* Products */,
				1215041EE1902D9EBFF6DE67 /* Pods */,
				848AEB3B8499DFBD63571B2A /* Frameworks */,
			);
			sourceTree = "<group>";
		};
		957129E522C9DADF0059DCEE /* Products */ = {
			isa = PBXGroup;
			children = (
				957129E422C9DADF0059DCEE /* e-life.app */,
			);
			name = Products;
			sourceTree = "<group>";
		};
		957129E622C9DADF0059DCEE /* e-life */ = {
			isa = PBXGroup;
			children = (
				957129E722C9DADF0059DCEE /* AppDelegate.swift */,
				95EB54CA22CC88C000E25003 /* Controller */,
				95EB54CB22CC88D800E25003 /* View */,
				9559D5AC22CAF52A00916AB1 /* Assets.xcassets */,
				95712A0122CA062C0059DCEE /* Animation */,
				957129F022C9DAE00059DCEE /* LaunchScreen.storyboard */,
				957129F322C9DAE00059DCEE /* Info.plist */,
			);
			path = "e-life";
			sourceTree = "<group>";
		};
		95712A0122CA062C0059DCEE /* Animation */ = {
			isa = PBXGroup;
			children = (
				957129F922C9E0930059DCEE /* bus.json */,
			);
			path = Animation;
			sourceTree = "<group>";
		};
		95B8448F22C9AF5800D84A65 /* Items in HomePages */ = {
			isa = PBXGroup;
			children = (
				95B8449022C9AF9E00D84A65 /* EmergencyNoticeTableViewController.swift */,
				95B8449222C9B3CC00D84A65 /* SendPostViewController.swift */,
				9505FFE322CB437100462721 /* WuYeNotiTableTableViewController.swift */,
				9505FFE522CB522B00462721 /* MailNotificationTableViewController.swift */,
				9596F4B722D02780002833D4 /* ActivityViewController.swift */,
				95376A0F22D5C9EF009E556E /* Forum */,
				95BAC2F422CEE2CA00639B0D /* LatestNewsViewController.swift */,
				95BAC2F622CEF78600639B0D /* BulkPurchaseViewController.swift */,
			);
			path = "Items in HomePages";
			sourceTree = "<group>";
		};
		95EB54CA22CC88C000E25003 /* Controller */ = {
			isa = PBXGroup;
			children = (
				9545B4F022D5D71A00DBAF76 /* Items in MePage */,
				9505FFDE22CB33D400462721 /* Items in ServicesPages */,
				95B8448F22C9AF5800D84A65 /* Items in HomePages */,
				952793B322C99B8500A4C472 /* Login&Register */,
				952793B422C99B9D00A4C472 /* Main Pages */,
				952793B522C99BAE00A4C472 /* Helper Class */,
			);
			path = Controller;
			sourceTree = "<group>";
		};
		95EB54CB22CC88D800E25003 /* View */ = {
			isa = PBXGroup;
			children = (
				957129EB22C9DADF0059DCEE /* LoginAndRegister.storyboard */,
				95DD032522D2D54D0096E89D /* MainPages.storyboard */,
				95DD032722D2D61E0096E89D /* Home.storyboard */,
				95DD032922D2D6270096E89D /* Services.storyboard */,
				95DD032B22D2D62F0096E89D /* Me.storyboard */,
			);
			path = View;
			sourceTree = "<group>";
		};
/* End PBXGroup section */

/* Begin PBXNativeTarget section */
		957129E322C9DADF0059DCEE /* e-life */ = {
			isa = PBXNativeTarget;
			buildConfigurationList = 957129F622C9DAE00059DCEE /* Build configuration list for PBXNativeTarget "e-life" */;
			buildPhases = (
				B6AF822998EEAE8D4EC967B1 /* [CP] Check Pods Manifest.lock */,
				957129E022C9DADF0059DCEE /* Sources */,
				957129E122C9DADF0059DCEE /* Frameworks */,
				957129E222C9DADF0059DCEE /* Resources */,
				252E8DAE23464F103505F850 /* [CP] Embed Pods Frameworks */,
			);
			buildRules = (
			);
			dependencies = (
			);
			name = "e-life";
			productName = "e-life";
			productReference = 957129E422C9DADF0059DCEE /* e-life.app */;
			productType = "com.apple.product-type.application";
		};
/* End PBXNativeTarget section */

/* Begin PBXProject section */
		957129DC22C9DADF0059DCEE /* Project object */ = {
			isa = PBXProject;
			attributes = {
				LastSwiftUpdateCheck = 1020;
				LastUpgradeCheck = 1020;
				ORGANIZATIONNAME = PalameMon;
				TargetAttributes = {
					957129E322C9DADF0059DCEE = {
						CreatedOnToolsVersion = 10.2.1;
					};
				};
			};
			buildConfigurationList = 957129DF22C9DADF0059DCEE /* Build configuration list for PBXProject "e-life" */;
			compatibilityVersion = "Xcode 9.3";
			developmentRegion = en;
			hasScannedForEncodings = 0;
			knownRegions = (
				en,
				Base,
			);
			mainGroup = 957129DB22C9DADF0059DCEE;
			productRefGroup = 957129E522C9DADF0059DCEE /* Products */;
			projectDirPath = "";
			projectRoot = "";
			targets = (
				957129E322C9DADF0059DCEE /* e-life */,
			);
		};
/* End PBXProject section */

/* Begin PBXResourcesBuildPhase section */
		957129E222C9DADF0059DCEE /* Resources */ = {
			isa = PBXResourcesBuildPhase;
			buildActionMask = 2147483647;
			files = (
				957129F222C9DAE00059DCEE /* LaunchScreen.storyboard in Resources */,
				95DD032622D2D54D0096E89D /* MainPages.storyboard in Resources */,
				957129FA22C9E0930059DCEE /* bus.json in Resources */,
				95DD032822D2D61E0096E89D /* Home.storyboard in Resources */,
				9559D5AD22CAF52A00916AB1 /* Assets.xcassets in Resources */,
				95DD032A22D2D6270096E89D /* Services.storyboard in Resources */,
				95DD032C22D2D62F0096E89D /* Me.storyboard in Resources */,
				957129ED22C9DADF0059DCEE /* LoginAndRegister.storyboard in Resources */,
			);
			runOnlyForDeploymentPostprocessing = 0;
		};
/* End PBXResourcesBuildPhase section */

/* Begin PBXShellScriptBuildPhase section */
		252E8DAE23464F103505F850 /* [CP] Embed Pods Frameworks */ = {
			isa = PBXShellScriptBuildPhase;
			buildActionMask = 2147483647;
			files = (
			);
			inputFileListPaths = (
			);
			inputPaths = (
				"${PODS_ROOT}/Target Support Files/Pods-e-life/Pods-e-life-frameworks.sh",
				"${BUILT_PRODUCTS_DIR}/Alamofire/Alamofire.framework",
				"${BUILT_PRODUCTS_DIR}/lottie-ios/Lottie.framework",
			);
			name = "[CP] Embed Pods Frameworks";
			outputFileListPaths = (
			);
			outputPaths = (
				"${TARGET_BUILD_DIR}/${FRAMEWORKS_FOLDER_PATH}/Alamofire.framework",
				"${TARGET_BUILD_DIR}/${FRAMEWORKS_FOLDER_PATH}/Lottie.framework",
			);
			runOnlyForDeploymentPostprocessing = 0;
			shellPath = /bin/sh;
			shellScript = "\"${PODS_ROOT}/Target Support Files/Pods-e-life/Pods-e-life-frameworks.sh\"\n";
			showEnvVarsInLog = 0;
		};
		B6AF822998EEAE8D4EC967B1 /* [CP] Check Pods Manifest.lock */ = {
			isa = PBXShellScriptBuildPhase;
			buildActionMask = 2147483647;
			files = (
			);
			inputFileListPaths = (
			);
			inputPaths = (
				"${PODS_PODFILE_DIR_PATH}/Podfile.lock",
				"${PODS_ROOT}/Manifest.lock",
			);
			name = "[CP] Check Pods Manifest.lock";
			outputFileListPaths = (
			);
			outputPaths = (
				"$(DERIVED_FILE_DIR)/Pods-e-life-checkManifestLockResult.txt",
			);
			runOnlyForDeploymentPostprocessing = 0;
			shellPath = /bin/sh;
			shellScript = "diff \"${PODS_PODFILE_DIR_PATH}/Podfile.lock\" \"${PODS_ROOT}/Manifest.lock\" > /dev/null\nif [ $? != 0 ] ; then\n    # print error to STDERR\n    echo \"error: The sandbox is not in sync with the Podfile.lock. Run 'pod install' or update your CocoaPods installation.\" >&2\n    exit 1\nfi\n# This output is used by Xcode 'outputs' to avoid re-running this script phase.\necho \"SUCCESS\" > \"${SCRIPT_OUTPUT_FILE_0}\"\n";
			showEnvVarsInLog = 0;
		};
/* End PBXShellScriptBuildPhase section */

/* Begin PBXSourcesBuildPhase section */
		957129E022C9DADF0059DCEE /* Sources */ = {
			isa = PBXSourcesBuildPhase;
			buildActionMask = 2147483647;
			files = (
				95DD033A22D2D62F0096E89D /* MeViewController.swift in Sources */,
				9505FFE622CB522B00462721 /* MailNotificationTableViewController.swift in Sources */,
				95BAC2F722CEF78600639B0D /* BulkPurchaseViewController.swift in Sources */,
				9505FFE022CB34F400462721 /* PayViewController.swift in Sources */,
				95EB54C922CC888F00E25003 /* PasswordRecoveryViewController.swift in Sources */,
				952793B722C99C1300A4C472 /* CollectionViewCell.swift in Sources */,
				9505FFE422CB437100462721 /* WuYeNotiTableTableViewController.swift in Sources */,
				9505FFE222CB371700462721 /* ParkingPaymentViewController.swift in Sources */,
				95D3932D22CC2F68002A3867 /* RegisterViewController.swift in Sources */,
				95BAC2F522CEE2CA00639B0D /* LatestNewsViewController.swift in Sources */,
				957129EA22C9DADF0059DCEE /* LoginViewController.swift in Sources */,
				95BAC2EF22CED88A00639B0D /* ChangePasswordViewController.swift in Sources */,
				95BAC2F322CEDB7B00639B0D /* InfoBindingViewController.swift in Sources */,
				9596F4BC22D04710002833D4 /* NewPostViewController.swift in Sources */,
				95EB54CF22CC9DA900E25003 /* MainViewController.swift in Sources */,
				95BAC2F122CED89300639B0D /* ChangePhoneNumViewController.swift in Sources */,
				95376A0E22D5C09C009E556E /* NewCommentViewController.swift in Sources */,
				95DD033C22D2D62F0096E89D /* TableViewCell.swift in Sources */,
				95EB54CD22CC963E00E25003 /* NewPasswordViewController.swift in Sources */,
				9596F4BA22D03B41002833D4 /* ForumViewController.swift in Sources */,
				9596F4C022D04D37002833D4 /* CommentViewController.swift in Sources */,
				95DD033422D2D62F0096E89D /* ServicesViewController.swift in Sources */,
				9545B4F222D5D71A00DBAF76 /* ChangeNameViewController.swift in Sources */,
				9596F4B822D02780002833D4 /* ActivityViewController.swift in Sources */,
				95DD032E22D2D62F0096E89D /* HomeViewController.swift in Sources */,
				95B8449322C9B3CC00D84A65 /* SendPostViewController.swift in Sources */,
				957129E822C9DADF0059DCEE /* AppDelegate.swift in Sources */,
				95B8449122C9AF9E00D84A65 /* EmergencyNoticeTableViewController.swift in Sources */,
			);
			runOnlyForDeploymentPostprocessing = 0;
		};
/* End PBXSourcesBuildPhase section */

/* Begin PBXVariantGroup section */
		957129EB22C9DADF0059DCEE /* LoginAndRegister.storyboard */ = {
			isa = PBXVariantGroup;
			children = (
				957129EC22C9DADF0059DCEE /* Base */,
			);
			name = LoginAndRegister.storyboard;
			sourceTree = "<group>";
		};
		957129F022C9DAE00059DCEE /* LaunchScreen.storyboard */ = {
			isa = PBXVariantGroup;
			children = (
				957129F122C9DAE00059DCEE /* Base */,
			);
			name = LaunchScreen.storyboard;
			sourceTree = "<group>";
		};
/* End PBXVariantGroup section */

/* Begin XCBuildConfiguration section */
		957129F422C9DAE00059DCEE /* Debug */ = {
			isa = XCBuildConfiguration;
			buildSettings = {
				ALWAYS_SEARCH_USER_PATHS = NO;
				CLANG_ANALYZER_NONNULL = YES;
				CLANG_ANALYZER_NUMBER_OBJECT_CONVERSION = YES_AGGRESSIVE;
				CLANG_CXX_LANGUAGE_STANDARD = "gnu++14";
				CLANG_CXX_LIBRARY = "libc++";
				CLANG_ENABLE_MODULES = YES;
				CLANG_ENABLE_OBJC_ARC = YES;
				CLANG_ENABLE_OBJC_WEAK = YES;
				CLANG_WARN_BLOCK_CAPTURE_AUTORELEASING = YES;
				CLANG_WARN_BOOL_CONVERSION = YES;
				CLANG_WARN_COMMA = YES;
				CLANG_WARN_CONSTANT_CONVERSION = YES;
				CLANG_WARN_DEPRECATED_OBJC_IMPLEMENTATIONS = YES;
				CLANG_WARN_DIRECT_OBJC_ISA_USAGE = YES_ERROR;
				CLANG_WARN_DOCUMENTATION_COMMENTS = YES;
				CLANG_WARN_EMPTY_BODY = YES;
				CLANG_WARN_ENUM_CONVERSION = YES;
				CLANG_WARN_INFINITE_RECURSION = YES;
				CLANG_WARN_INT_CONVERSION = YES;
				CLANG_WARN_NON_LITERAL_NULL_CONVERSION = YES;
				CLANG_WARN_OBJC_IMPLICIT_RETAIN_SELF = YES;
				CLANG_WARN_OBJC_LITERAL_CONVERSION = YES;
				CLANG_WARN_OBJC_ROOT_CLASS = YES_ERROR;
				CLANG_WARN_RANGE_LOOP_ANALYSIS = YES;
				CLANG_WARN_STRICT_PROTOTYPES = YES;
				CLANG_WARN_SUSPICIOUS_MOVE = YES;
				CLANG_WARN_UNGUARDED_AVAILABILITY = YES_AGGRESSIVE;
				CLANG_WARN_UNREACHABLE_CODE = YES;
				CLANG_WARN__DUPLICATE_METHOD_MATCH = YES;
				CODE_SIGN_IDENTITY = "iPhone Developer";
				COPY_PHASE_STRIP = NO;
				DEBUG_INFORMATION_FORMAT = dwarf;
				ENABLE_STRICT_OBJC_MSGSEND = YES;
				ENABLE_TESTABILITY = YES;
				GCC_C_LANGUAGE_STANDARD = gnu11;
				GCC_DYNAMIC_NO_PIC = NO;
				GCC_NO_COMMON_BLOCKS = YES;
				GCC_OPTIMIZATION_LEVEL = 0;
				GCC_PREPROCESSOR_DEFINITIONS = (
					"DEBUG=1",
					"$(inherited)",
				);
				GCC_WARN_64_TO_32_BIT_CONVERSION = YES;
				GCC_WARN_ABOUT_RETURN_TYPE = YES_ERROR;
				GCC_WARN_UNDECLARED_SELECTOR = YES;
				GCC_WARN_UNINITIALIZED_AUTOS = YES_AGGRESSIVE;
				GCC_WARN_UNUSED_FUNCTION = YES;
				GCC_WARN_UNUSED_VARIABLE = YES;
				IPHONEOS_DEPLOYMENT_TARGET = 12.2;
				MTL_ENABLE_DEBUG_INFO = INCLUDE_SOURCE;
				MTL_FAST_MATH = YES;
				ONLY_ACTIVE_ARCH = YES;
				SDKROOT = iphoneos;
				SWIFT_ACTIVE_COMPILATION_CONDITIONS = DEBUG;
				SWIFT_OPTIMIZATION_LEVEL = "-Onone";
			};
			name = Debug;
		};
		957129F522C9DAE00059DCEE /* Release */ = {
			isa = XCBuildConfiguration;
			buildSettings = {
				ALWAYS_SEARCH_USER_PATHS = NO;
				CLANG_ANALYZER_NONNULL = YES;
				CLANG_ANALYZER_NUMBER_OBJECT_CONVERSION = YES_AGGRESSIVE;
				CLANG_CXX_LANGUAGE_STANDARD = "gnu++14";
				CLANG_CXX_LIBRARY = "libc++";
				CLANG_ENABLE_MODULES = YES;
				CLANG_ENABLE_OBJC_ARC = YES;
				CLANG_ENABLE_OBJC_WEAK = YES;
				CLANG_WARN_BLOCK_CAPTURE_AUTORELEASING = YES;
				CLANG_WARN_BOOL_CONVERSION = YES;
				CLANG_WARN_COMMA = YES;
				CLANG_WARN_CONSTANT_CONVERSION = YES;
				CLANG_WARN_DEPRECATED_OBJC_IMPLEMENTATIONS = YES;
				CLANG_WARN_DIRECT_OBJC_ISA_USAGE = YES_ERROR;
				CLANG_WARN_DOCUMENTATION_COMMENTS = YES;
				CLANG_WARN_EMPTY_BODY = YES;
				CLANG_WARN_ENUM_CONVERSION = YES;
				CLANG_WARN_INFINITE_RECURSION = YES;
				CLANG_WARN_INT_CONVERSION = YES;
				CLANG_WARN_NON_LITERAL_NULL_CONVERSION = YES;
				CLANG_WARN_OBJC_IMPLICIT_RETAIN_SELF = YES;
				CLANG_WARN_OBJC_LITERAL_CONVERSION = YES;
				CLANG_WARN_OBJC_ROOT_CLASS = YES_ERROR;
				CLANG_WARN_RANGE_LOOP_ANALYSIS = YES;
				CLANG_WARN_STRICT_PROTOTYPES = YES;
				CLANG_WARN_SUSPICIOUS_MOVE = YES;
				CLANG_WARN_UNGUARDED_AVAILABILITY = YES_AGGRESSIVE;
				CLANG_WARN_UNREACHABLE_CODE = YES;
				CLANG_WARN__DUPLICATE_METHOD_MATCH = YES;
				CODE_SIGN_IDENTITY = "iPhone Developer";
				COPY_PHASE_STRIP = NO;
				DEBUG_INFORMATION_FORMAT = "dwarf-with-dsym";
				ENABLE_NS_ASSERTIONS = NO;
				ENABLE_STRICT_OBJC_MSGSEND = YES;
				GCC_C_LANGUAGE_STANDARD = gnu11;
				GCC_NO_COMMON_BLOCKS = YES;
				GCC_WARN_64_TO_32_BIT_CONVERSION = YES;
				GCC_WARN_ABOUT_RETURN_TYPE = YES_ERROR;
				GCC_WARN_UNDECLARED_SELECTOR = YES;
				GCC_WARN_UNINITIALIZED_AUTOS = YES_AGGRESSIVE;
				GCC_WARN_UNUSED_FUNCTION = YES;
				GCC_WARN_UNUSED_VARIABLE = YES;
				IPHONEOS_DEPLOYMENT_TARGET = 12.2;
				MTL_ENABLE_DEBUG_INFO = NO;
				MTL_FAST_MATH = YES;
				SDKROOT = iphoneos;
				SWIFT_COMPILATION_MODE = wholemodule;
				SWIFT_OPTIMIZATION_LEVEL = "-O";
				VALIDATE_PRODUCT = YES;
			};
			name = Release;
		};
		957129F722C9DAE00059DCEE /* Debug */ = {
			isa = XCBuildConfiguration;
			baseConfigurationReference = 218E7FAA27A5ECC7C691DB87 /* Pods-e-life.debug.xcconfig */;
			buildSettings = {
				ASSETCATALOG_COMPILER_APPICON_NAME = AppIcon;
				CODE_SIGN_STYLE = Automatic;
				DEVELOPMENT_TEAM = P46WD4BQ65;
				FRAMEWORK_SEARCH_PATHS = (
					"$(inherited)",
					"$(PROJECT_DIR)/Pods/BMKLocationKit/framework",
				);
				INFOPLIST_FILE = "e-life/Info.plist";
				IPHONEOS_DEPLOYMENT_TARGET = 12.2;
				LD_RUNPATH_SEARCH_PATHS = (
					"$(inherited)",
					"@executable_path/Frameworks",
				);
				PRODUCT_BUNDLE_IDENTIFIER = "PalameMon.e-life";
				PRODUCT_NAME = "$(TARGET_NAME)";
				SWIFT_VERSION = 5.0;
				TARGETED_DEVICE_FAMILY = "1,2";
			};
			name = Debug;
		};
		957129F822C9DAE00059DCEE /* Release */ = {
			isa = XCBuildConfiguration;
			baseConfigurationReference = 1CC3ECF2AEB79E555C689118 /* Pods-e-life.release.xcconfig */;
			buildSettings = {
				ASSETCATALOG_COMPILER_APPICON_NAME = AppIcon;
				CODE_SIGN_STYLE = Automatic;
				DEVELOPMENT_TEAM = P46WD4BQ65;
				FRAMEWORK_SEARCH_PATHS = (
					"$(inherited)",
					"$(PROJECT_DIR)/Pods/BMKLocationKit/framework",
				);
				INFOPLIST_FILE = "e-life/Info.plist";
				IPHONEOS_DEPLOYMENT_TARGET = 12.2;
				LD_RUNPATH_SEARCH_PATHS = (
					"$(inherited)",
					"@executable_path/Frameworks",
				);
				PRODUCT_BUNDLE_IDENTIFIER = "PalameMon.e-life";
				PRODUCT_NAME = "$(TARGET_NAME)";
				SWIFT_VERSION = 5.0;
				TARGETED_DEVICE_FAMILY = "1,2";
			};
			name = Release;
		};
/* End XCBuildConfiguration section */

/* Begin XCConfigurationList section */
		957129DF22C9DADF0059DCEE /* Build configuration list for PBXProject "e-life" */ = {
			isa = XCConfigurationList;
			buildConfigurations = (
				957129F422C9DAE00059DCEE /* Debug */,
				957129F522C9DAE00059DCEE /* Release */,
			);
			defaultConfigurationIsVisible = 0;
			defaultConfigurationName = Release;
		};
		957129F622C9DAE00059DCEE /* Build configuration list for PBXNativeTarget "e-life" */ = {
			isa = XCConfigurationList;
			buildConfigurations = (
				957129F722C9DAE00059DCEE /* Debug */,
				957129F822C9DAE00059DCEE /* Release */,
			);
			defaultConfigurationIsVisible = 0;
			defaultConfigurationName = Release;
		};
/* End XCConfigurationList section */
	};
	rootObject = 957129DC22C9DADF0059DCEE /* Project object */;
}
